{
  "object": {
    "pins": [
      {
        "package": "GRDB",
        "repositoryURL": "https://github.com/groue/GRDB.swift.git",
        "state": {
          "branch": "master",
          "revision": "38e7e649c7fa32166e2fb21bef6104b54162522b",
          "version": null
        }
      }
    ]
  },
  "version": 1
}
